{
  "react": {
    "18.2.0": {
      "path": "/node_modules/react",
      "cache": "/react/18.2.0"
    }
  },
  "react-dom": {
    "18.2.0": {
      "path": "/node_modules/react-dom",
      "cache": "/react-dom/18.2.0"
    }
  },
  "loose-envify": {
    "1.4.0": {
      "path": "/node_modules/loose-envify",
      "cache": "/loose-envify/1.4.0"
    }
  },
  "scheduler": {
    "0.23.0": {
      "path": "/node_modules/scheduler",
      "cache": "/scheduler/0.23.0"
    }
  },
  "js-tokens": {
    "4.0.0": {
      "path": "/node_modules/js-tokens",
      "cache": "/js-tokens/4.0.0"
    }
  },
  "@types/react-dom": {
    "18.0.6": {
      "path": "/node_modules/@types/react-dom",
      "cache": "/@types/react-dom/18.0.6"
    }
  },
  "@types/react": {
    "18.0.18": {
      "path": "/node_modules/@types/react",
      "cache": "/@types/react/18.0.18"
    }
  },
  "eslint-config-next": {
    "12.3.0": {
      "path": "/node_modules/eslint-config-next",
      "cache": "/eslint-config-next/12.3.0"
    }
  },
  "@rushstack/eslint-patch": {
    "1.2.0": {
      "path": "/node_modules/@rushstack/eslint-patch",
      "cache": "/@rushstack/eslint-patch/1.2.0"
    }
  },
  "@typescript-eslint/parser": {
    "5.40.1": {
      "path": "/node_modules/@typescript-eslint/parser",
      "cache": "/@typescript-eslint/parser/5.40.1"
    }
  },
  "eslint-import-resolver-node": {
    "0.3.6": {
      "path": "/node_modules/eslint-import-resolver-node",
      "cache": "/eslint-import-resolver-node/0.3.6"
    }
  },
  "eslint-import-resolver-typescript": {
    "2.7.1": {
      "path": "/node_modules/eslint-import-resolver-typescript",
      "cache": "/eslint-import-resolver-typescript/2.7.1"
    }
  },
  "eslint-plugin-import": {
    "2.26.0": {
      "path": "/node_modules/eslint-plugin-import",
      "cache": "/eslint-plugin-import/2.26.0"
    }
  },
  "eslint-plugin-jsx-a11y": {
    "6.6.1": {
      "path": "/node_modules/eslint-plugin-jsx-a11y",
      "cache": "/eslint-plugin-jsx-a11y/6.6.1"
    }
  },
  "eslint-plugin-react": {
    "7.31.10": {
      "path": "/node_modules/eslint-plugin-react",
      "cache": "/eslint-plugin-react/7.31.10"
    }
  },
  "eslint-plugin-react-hooks": {
    "4.6.0": {
      "path": "/node_modules/eslint-plugin-react-hooks",
      "cache": "/eslint-plugin-react-hooks/4.6.0"
    }
  },
  "@typescript-eslint/scope-manager": {
    "5.40.1": {
      "path": "/node_modules/@typescript-eslint/scope-manager",
      "cache": "/@typescript-eslint/scope-manager/5.40.1"
    }
  },
  "debug": {
    "3.2.7": {
      "path": "/node_modules/debug",
      "cache": "/debug/3.2.7"
    },
    "4.3.4": {
      "path": "/node_modules/@humanwhocodes/config-array/node_modules/debug",
      "cache": "/debug/4.3.4"
    },
    "2.6.9": {
      "path": "/node_modules/eslint-plugin-import/node_modules/debug",
      "cache": "/debug/2.6.9"
    }
  },
  "array.prototype.flat": {
    "1.3.0": {
      "path": "/node_modules/array.prototype.flat",
      "cache": "/array.prototype.flat/1.3.0"
    }
  },
  "@babel/runtime": {
    "7.19.4": {
      "path": "/node_modules/@babel/runtime",
      "cache": "/@babel/runtime/7.19.4"
    }
  },
  "array-includes": {
    "3.1.5": {
      "path": "/node_modules/array-includes",
      "cache": "/array-includes/3.1.5"
    }
  },
  "@typescript-eslint/types": {
    "5.40.1": {
      "path": "/node_modules/@typescript-eslint/types",
      "cache": "/@typescript-eslint/types/5.40.1"
    }
  },
  "ms": {
    "2.1.3": {
      "path": "/node_modules/ms",
      "cache": "/ms/2.1.3"
    },
    "2.1.2": {
      "path": "/node_modules/@humanwhocodes/config-array/node_modules/ms",
      "cache": "/ms/2.1.2"
    },
    "2.0.0": {
      "path": "/node_modules/eslint-plugin-import/node_modules/ms",
      "cache": "/ms/2.0.0"
    }
  },
  "call-bind": {
    "1.0.2": {
      "path": "/node_modules/call-bind",
      "cache": "/call-bind/1.0.2"
    }
  },
  "regenerator-runtime": {
    "0.13.10": {
      "path": "/node_modules/regenerator-runtime",
      "cache": "/regenerator-runtime/0.13.10"
    }
  },
  "get-intrinsic": {
    "1.1.3": {
      "path": "/node_modules/get-intrinsic",
      "cache": "/get-intrinsic/1.1.3"
    }
  },
  "function-bind": {
    "1.1.1": {
      "path": "/node_modules/function-bind",
      "cache": "/function-bind/1.1.1"
    }
  },
  "@typescript-eslint/visitor-keys": {
    "5.40.1": {
      "path": "/node_modules/@typescript-eslint/visitor-keys",
      "cache": "/@typescript-eslint/visitor-keys/5.40.1"
    }
  },
  "has": {
    "1.0.3": {
      "path": "/node_modules/has",
      "cache": "/has/1.0.3"
    }
  },
  "resolve": {
    "1.22.1": {
      "path": "/node_modules/resolve",
      "cache": "/resolve/1.22.1"
    },
    "2.0.0-next.4": {
      "path": "/node_modules/eslint-plugin-react/node_modules/resolve",
      "cache": "/resolve/2.0.0-next.4"
    }
  },
  "glob": {
    "7.2.3": {
      "path": "/node_modules/glob",
      "cache": "/glob/7.2.3"
    },
    "7.1.7": {
      "path": "/node_modules/@next/eslint-plugin-next/node_modules/glob",
      "cache": "/glob/7.1.7"
    }
  },
  "aria-query": {
    "4.2.2": {
      "path": "/node_modules/aria-query",
      "cache": "/aria-query/4.2.2"
    }
  },
  "eslint-visitor-keys": {
    "3.3.0": {
      "path": "/node_modules/eslint-visitor-keys",
      "cache": "/eslint-visitor-keys/3.3.0"
    },
    "2.1.0": {
      "path": "/node_modules/eslint-utils/node_modules/eslint-visitor-keys",
      "cache": "/eslint-visitor-keys/2.1.0"
    }
  },
  "fs.realpath": {
    "1.0.0": {
      "path": "/node_modules/fs.realpath",
      "cache": "/fs.realpath/1.0.0"
    }
  },
  "@babel/runtime-corejs3": {
    "7.19.6": {
      "path": "/node_modules/@babel/runtime-corejs3",
      "cache": "/@babel/runtime-corejs3/7.19.6"
    }
  },
  "define-properties": {
    "1.1.4": {
      "path": "/node_modules/define-properties",
      "cache": "/define-properties/1.1.4"
    }
  },
  "has-symbols": {
    "1.0.3": {
      "path": "/node_modules/has-symbols",
      "cache": "/has-symbols/1.0.3"
    }
  },
  "core-js-pure": {
    "3.25.5": {
      "path": "/node_modules/core-js-pure",
      "cache": "/core-js-pure/3.25.5"
    }
  },
  "inflight": {
    "1.0.6": {
      "path": "/node_modules/inflight",
      "cache": "/inflight/1.0.6"
    }
  },
  "has-property-descriptors": {
    "1.0.0": {
      "path": "/node_modules/has-property-descriptors",
      "cache": "/has-property-descriptors/1.0.0"
    }
  },
  "wrappy": {
    "1.0.2": {
      "path": "/node_modules/wrappy",
      "cache": "/wrappy/1.0.2"
    }
  },
  "is-string": {
    "1.0.7": {
      "path": "/node_modules/is-string",
      "cache": "/is-string/1.0.7"
    }
  },
  "@typescript-eslint/typescript-estree": {
    "5.40.1": {
      "path": "/node_modules/@typescript-eslint/typescript-estree",
      "cache": "/@typescript-eslint/typescript-estree/5.40.1"
    }
  },
  "object-keys": {
    "1.1.1": {
      "path": "/node_modules/object-keys",
      "cache": "/object-keys/1.1.1"
    }
  },
  "has-tostringtag": {
    "1.0.0": {
      "path": "/node_modules/has-tostringtag",
      "cache": "/has-tostringtag/1.0.0"
    }
  },
  "once": {
    "1.4.0": {
      "path": "/node_modules/once",
      "cache": "/once/1.4.0"
    }
  },
  "globby": {
    "11.1.0": {
      "path": "/node_modules/globby",
      "cache": "/globby/11.1.0"
    }
  },
  "ast-types-flow": {
    "0.0.7": {
      "path": "/node_modules/ast-types-flow",
      "cache": "/ast-types-flow/0.0.7"
    }
  },
  "array-union": {
    "2.1.0": {
      "path": "/node_modules/array-union",
      "cache": "/array-union/2.1.0"
    }
  },
  "es-abstract": {
    "1.20.4": {
      "path": "/node_modules/es-abstract",
      "cache": "/es-abstract/1.20.4"
    }
  },
  "axe-core": {
    "4.4.3": {
      "path": "/node_modules/axe-core",
      "cache": "/axe-core/4.4.3"
    }
  },
  "inherits": {
    "2.0.4": {
      "path": "/node_modules/inherits",
      "cache": "/inherits/2.0.4"
    }
  },
  "es-to-primitive": {
    "1.2.1": {
      "path": "/node_modules/es-to-primitive",
      "cache": "/es-to-primitive/1.2.1"
    }
  },
  "dir-glob": {
    "3.0.1": {
      "path": "/node_modules/dir-glob",
      "cache": "/dir-glob/3.0.1"
    }
  },
  "is-date-object": {
    "1.0.5": {
      "path": "/node_modules/is-date-object",
      "cache": "/is-date-object/1.0.5"
    }
  },
  "axobject-query": {
    "2.2.0": {
      "path": "/node_modules/axobject-query",
      "cache": "/axobject-query/2.2.0"
    }
  },
  "path-type": {
    "4.0.0": {
      "path": "/node_modules/path-type",
      "cache": "/path-type/4.0.0"
    }
  },
  "minimatch": {
    "3.1.2": {
      "path": "/node_modules/minimatch",
      "cache": "/minimatch/3.1.2"
    }
  },
  "array.prototype.flatmap": {
    "1.3.0": {
      "path": "/node_modules/array.prototype.flatmap",
      "cache": "/array.prototype.flatmap/1.3.0"
    }
  },
  "brace-expansion": {
    "1.1.11": {
      "path": "/node_modules/brace-expansion",
      "cache": "/brace-expansion/1.1.11"
    }
  },
  "damerau-levenshtein": {
    "1.0.8": {
      "path": "/node_modules/damerau-levenshtein",
      "cache": "/damerau-levenshtein/1.0.8"
    }
  },
  "es-shim-unscopables": {
    "1.0.0": {
      "path": "/node_modules/es-shim-unscopables",
      "cache": "/es-shim-unscopables/1.0.0"
    }
  },
  "is-symbol": {
    "1.0.4": {
      "path": "/node_modules/is-symbol",
      "cache": "/is-symbol/1.0.4"
    }
  },
  "fast-glob": {
    "3.2.12": {
      "path": "/node_modules/fast-glob",
      "cache": "/fast-glob/3.2.12"
    }
  },
  "balanced-match": {
    "1.0.2": {
      "path": "/node_modules/balanced-match",
      "cache": "/balanced-match/1.0.2"
    }
  },
  "emoji-regex": {
    "9.2.2": {
      "path": "/node_modules/emoji-regex",
      "cache": "/emoji-regex/9.2.2"
    }
  },
  "@nodelib/fs.stat": {
    "2.0.5": {
      "path": "/node_modules/@nodelib/fs.stat",
      "cache": "/@nodelib/fs.stat/2.0.5"
    }
  },
  "concat-map": {
    "0.0.1": {
      "path": "/node_modules/concat-map",
      "cache": "/concat-map/0.0.1"
    }
  },
  "is-callable": {
    "1.2.7": {
      "path": "/node_modules/is-callable",
      "cache": "/is-callable/1.2.7"
    }
  },
  "language-tags": {
    "1.0.5": {
      "path": "/node_modules/language-tags",
      "cache": "/language-tags/1.0.5"
    }
  },
  "@nodelib/fs.walk": {
    "1.2.8": {
      "path": "/node_modules/@nodelib/fs.walk",
      "cache": "/@nodelib/fs.walk/1.2.8"
    }
  },
  "language-subtag-registry": {
    "0.3.22": {
      "path": "/node_modules/language-subtag-registry",
      "cache": "/language-subtag-registry/0.3.22"
    }
  },
  "doctrine": {
    "2.1.0": {
      "path": "/node_modules/doctrine",
      "cache": "/doctrine/2.1.0"
    },
    "3.0.0": {
      "path": "/node_modules/eslint/node_modules/doctrine",
      "cache": "/doctrine/3.0.0"
    }
  },
  "@nodelib/fs.scandir": {
    "2.1.5": {
      "path": "/node_modules/@nodelib/fs.scandir",
      "cache": "/@nodelib/fs.scandir/2.1.5"
    }
  },
  "function.prototype.name": {
    "1.1.5": {
      "path": "/node_modules/function.prototype.name",
      "cache": "/function.prototype.name/1.1.5"
    }
  },
  "esutils": {
    "2.0.3": {
      "path": "/node_modules/esutils",
      "cache": "/esutils/2.0.3"
    }
  },
  "run-parallel": {
    "1.2.0": {
      "path": "/node_modules/run-parallel",
      "cache": "/run-parallel/1.2.0"
    }
  },
  "path-is-absolute": {
    "1.0.1": {
      "path": "/node_modules/path-is-absolute",
      "cache": "/path-is-absolute/1.0.1"
    }
  },
  "queue-microtask": {
    "1.2.3": {
      "path": "/node_modules/queue-microtask",
      "cache": "/queue-microtask/1.2.3"
    }
  },
  "functions-have-names": {
    "1.2.3": {
      "path": "/node_modules/functions-have-names",
      "cache": "/functions-have-names/1.2.3"
    }
  },
  "jsx-ast-utils": {
    "3.3.3": {
      "path": "/node_modules/jsx-ast-utils",
      "cache": "/jsx-ast-utils/3.3.3"
    }
  },
  "estraverse": {
    "5.3.0": {
      "path": "/node_modules/estraverse",
      "cache": "/estraverse/5.3.0"
    }
  },
  "is-glob": {
    "4.0.3": {
      "path": "/node_modules/is-glob",
      "cache": "/is-glob/4.0.3"
    }
  },
  "object.assign": {
    "4.1.4": {
      "path": "/node_modules/object.assign",
      "cache": "/object.assign/4.1.4"
    }
  },
  "is-extglob": {
    "2.1.1": {
      "path": "/node_modules/is-extglob",
      "cache": "/is-extglob/2.1.1"
    }
  },
  "get-symbol-description": {
    "1.0.0": {
      "path": "/node_modules/get-symbol-description",
      "cache": "/get-symbol-description/1.0.0"
    }
  },
  "object.entries": {
    "1.1.5": {
      "path": "/node_modules/object.entries",
      "cache": "/object.entries/1.1.5"
    }
  },
  "fastq": {
    "1.13.0": {
      "path": "/node_modules/fastq",
      "cache": "/fastq/1.13.0"
    }
  },
  "reusify": {
    "1.0.4": {
      "path": "/node_modules/reusify",
      "cache": "/reusify/1.0.4"
    }
  },
  "tsconfig-paths": {
    "3.14.1": {
      "path": "/node_modules/tsconfig-paths",
      "cache": "/tsconfig-paths/3.14.1"
    }
  },
  "@types/json5": {
    "0.0.29": {
      "path": "/node_modules/@types/json5",
      "cache": "/@types/json5/0.0.29"
    }
  },
  "is-negative-zero": {
    "2.0.2": {
      "path": "/node_modules/is-negative-zero",
      "cache": "/is-negative-zero/2.0.2"
    }
  },
  "object.fromentries": {
    "2.0.5": {
      "path": "/node_modules/object.fromentries",
      "cache": "/object.fromentries/2.0.5"
    }
  },
  "glob-parent": {
    "5.1.2": {
      "path": "/node_modules/glob-parent",
      "cache": "/glob-parent/5.1.2"
    },
    "6.0.2": {
      "path": "/node_modules/eslint/node_modules/glob-parent",
      "cache": "/glob-parent/6.0.2"
    }
  },
  "json5": {
    "1.0.1": {
      "path": "/node_modules/json5",
      "cache": "/json5/1.0.1"
    }
  },
  "semver": {
    "6.3.0": {
      "path": "/node_modules/semver",
      "cache": "/semver/6.3.0"
    },
    "7.3.8": {
      "path": "/node_modules/@typescript-eslint/typescript-estree/node_modules/semver",
      "cache": "/semver/7.3.8"
    }
  },
  "is-regex": {
    "1.1.4": {
      "path": "/node_modules/is-regex",
      "cache": "/is-regex/1.1.4"
    }
  },
  "micromatch": {
    "4.0.5": {
      "path": "/node_modules/micromatch",
      "cache": "/micromatch/4.0.5"
    }
  },
  "object.hasown": {
    "1.1.1": {
      "path": "/node_modules/object.hasown",
      "cache": "/object.hasown/1.1.1"
    }
  },
  "braces": {
    "3.0.2": {
      "path": "/node_modules/braces",
      "cache": "/braces/3.0.2"
    }
  },
  "is-shared-array-buffer": {
    "1.0.2": {
      "path": "/node_modules/is-shared-array-buffer",
      "cache": "/is-shared-array-buffer/1.0.2"
    }
  },
  "fill-range": {
    "7.0.1": {
      "path": "/node_modules/fill-range",
      "cache": "/fill-range/7.0.1"
    }
  },
  "object.values": {
    "1.1.5": {
      "path": "/node_modules/object.values",
      "cache": "/object.values/1.1.5"
    }
  },
  "to-regex-range": {
    "5.0.1": {
      "path": "/node_modules/to-regex-range",
      "cache": "/to-regex-range/5.0.1"
    }
  },
  "is-weakref": {
    "1.0.2": {
      "path": "/node_modules/is-weakref",
      "cache": "/is-weakref/1.0.2"
    }
  },
  "is-number": {
    "7.0.0": {
      "path": "/node_modules/is-number",
      "cache": "/is-number/7.0.0"
    }
  },
  "safe-regex-test": {
    "1.0.0": {
      "path": "/node_modules/safe-regex-test",
      "cache": "/safe-regex-test/1.0.0"
    }
  },
  "prop-types": {
    "15.8.1": {
      "path": "/node_modules/prop-types",
      "cache": "/prop-types/15.8.1"
    }
  },
  "object-assign": {
    "4.1.1": {
      "path": "/node_modules/object-assign",
      "cache": "/object-assign/4.1.1"
    }
  },
  "picomatch": {
    "2.3.1": {
      "path": "/node_modules/picomatch",
      "cache": "/picomatch/2.3.1"
    }
  },
  "string.prototype.trimend": {
    "1.0.5": {
      "path": "/node_modules/string.prototype.trimend",
      "cache": "/string.prototype.trimend/1.0.5"
    }
  },
  "react-is": {
    "16.13.1": {
      "path": "/node_modules/react-is",
      "cache": "/react-is/16.13.1"
    }
  },
  "merge2": {
    "1.4.1": {
      "path": "/node_modules/merge2",
      "cache": "/merge2/1.4.1"
    }
  },
  "ignore": {
    "5.2.0": {
      "path": "/node_modules/ignore",
      "cache": "/ignore/5.2.0"
    }
  },
  "string.prototype.trimstart": {
    "1.0.5": {
      "path": "/node_modules/string.prototype.trimstart",
      "cache": "/string.prototype.trimstart/1.0.5"
    }
  },
  "slash": {
    "3.0.0": {
      "path": "/node_modules/slash",
      "cache": "/slash/3.0.0"
    }
  },
  "unbox-primitive": {
    "1.0.2": {
      "path": "/node_modules/unbox-primitive",
      "cache": "/unbox-primitive/1.0.2"
    }
  },
  "has-bigints": {
    "1.0.2": {
      "path": "/node_modules/has-bigints",
      "cache": "/has-bigints/1.0.2"
    }
  },
  "which-boxed-primitive": {
    "1.0.2": {
      "path": "/node_modules/which-boxed-primitive",
      "cache": "/which-boxed-primitive/1.0.2"
    }
  },
  "is-bigint": {
    "1.0.4": {
      "path": "/node_modules/is-bigint",
      "cache": "/is-bigint/1.0.4"
    }
  },
  "is-boolean-object": {
    "1.1.2": {
      "path": "/node_modules/is-boolean-object",
      "cache": "/is-boolean-object/1.1.2"
    }
  },
  "is-number-object": {
    "1.0.7": {
      "path": "/node_modules/is-number-object",
      "cache": "/is-number-object/1.0.7"
    }
  },
  "internal-slot": {
    "1.0.3": {
      "path": "/node_modules/internal-slot",
      "cache": "/internal-slot/1.0.3"
    }
  },
  "side-channel": {
    "1.0.4": {
      "path": "/node_modules/side-channel",
      "cache": "/side-channel/1.0.4"
    }
  },
  "object-inspect": {
    "1.12.2": {
      "path": "/node_modules/object-inspect",
      "cache": "/object-inspect/1.12.2"
    }
  },
  "regexp.prototype.flags": {
    "1.4.3": {
      "path": "/node_modules/regexp.prototype.flags",
      "cache": "/regexp.prototype.flags/1.4.3"
    }
  },
  "eslint-module-utils": {
    "2.7.4": {
      "path": "/node_modules/eslint-module-utils",
      "cache": "/eslint-module-utils/2.7.4"
    }
  },
  "is-core-module": {
    "2.11.0": {
      "path": "/node_modules/is-core-module",
      "cache": "/is-core-module/2.11.0"
    }
  },
  "minimist": {
    "1.2.7": {
      "path": "/node_modules/minimist",
      "cache": "/minimist/1.2.7"
    }
  },
  "strip-bom": {
    "3.0.0": {
      "path": "/node_modules/strip-bom",
      "cache": "/strip-bom/3.0.0"
    }
  },
  "path-parse": {
    "1.0.7": {
      "path": "/node_modules/path-parse",
      "cache": "/path-parse/1.0.7"
    }
  },
  "supports-preserve-symlinks-flag": {
    "1.0.0": {
      "path": "/node_modules/supports-preserve-symlinks-flag",
      "cache": "/supports-preserve-symlinks-flag/1.0.0"
    }
  },
  "lru-cache": {
    "6.0.0": {
      "path": "/node_modules/lru-cache",
      "cache": "/lru-cache/6.0.0"
    }
  },
  "yallist": {
    "4.0.0": {
      "path": "/node_modules/yallist",
      "cache": "/yallist/4.0.0"
    }
  },
  "tsutils": {
    "3.21.0": {
      "path": "/node_modules/tsutils",
      "cache": "/tsutils/3.21.0"
    }
  },
  "tslib": {
    "1.14.1": {
      "path": "/node_modules/tslib",
      "cache": "/tslib/1.14.1"
    },
    "2.4.0": {
      "path": "/node_modules/@swc/helpers/node_modules/tslib",
      "cache": "/tslib/2.4.0"
    }
  },
  "string.prototype.matchall": {
    "4.0.7": {
      "path": "/node_modules/string.prototype.matchall",
      "cache": "/string.prototype.matchall/4.0.7"
    }
  },
  "csstype": {
    "3.1.1": {
      "path": "/node_modules/csstype",
      "cache": "/csstype/3.1.1"
    }
  },
  "@types/node": {
    "18.7.16": {
      "path": "/node_modules/@types/node",
      "cache": "/@types/node/18.7.16"
    }
  },
  "eslint": {
    "8.23.0": {
      "path": "/node_modules/eslint",
      "cache": "/eslint/8.23.0"
    }
  },
  "@eslint/eslintrc": {
    "1.3.3": {
      "path": "/node_modules/@eslint/eslintrc",
      "cache": "/@eslint/eslintrc/1.3.3"
    }
  },
  "@humanwhocodes/config-array": {
    "0.10.7": {
      "path": "/node_modules/@humanwhocodes/config-array",
      "cache": "/@humanwhocodes/config-array/0.10.7"
    }
  },
  "@humanwhocodes/module-importer": {
    "1.0.1": {
      "path": "/node_modules/@humanwhocodes/module-importer",
      "cache": "/@humanwhocodes/module-importer/1.0.1"
    }
  },
  "ajv": {
    "6.12.6": {
      "path": "/node_modules/ajv",
      "cache": "/ajv/6.12.6"
    }
  },
  "chalk": {
    "4.1.2": {
      "path": "/node_modules/chalk",
      "cache": "/chalk/4.1.2"
    }
  },
  "cross-spawn": {
    "7.0.3": {
      "path": "/node_modules/cross-spawn",
      "cache": "/cross-spawn/7.0.3"
    }
  },
  "escape-string-regexp": {
    "4.0.0": {
      "path": "/node_modules/escape-string-regexp",
      "cache": "/escape-string-regexp/4.0.0"
    }
  },
  "eslint-scope": {
    "7.1.1": {
      "path": "/node_modules/eslint-scope",
      "cache": "/eslint-scope/7.1.1"
    }
  },
  "eslint-utils": {
    "3.0.0": {
      "path": "/node_modules/eslint-utils",
      "cache": "/eslint-utils/3.0.0"
    }
  },
  "espree": {
    "9.4.0": {
      "path": "/node_modules/espree",
      "cache": "/espree/9.4.0"
    }
  },
  "esquery": {
    "1.4.0": {
      "path": "/node_modules/esquery",
      "cache": "/esquery/1.4.0"
    }
  },
  "fast-deep-equal": {
    "3.1.3": {
      "path": "/node_modules/fast-deep-equal",
      "cache": "/fast-deep-equal/3.1.3"
    }
  },
  "file-entry-cache": {
    "6.0.1": {
      "path": "/node_modules/file-entry-cache",
      "cache": "/file-entry-cache/6.0.1"
    }
  },
  "find-up": {
    "5.0.0": {
      "path": "/node_modules/find-up",
      "cache": "/find-up/5.0.0"
    }
  },
  "globals": {
    "13.17.0": {
      "path": "/node_modules/globals",
      "cache": "/globals/13.17.0"
    }
  },
  "grapheme-splitter": {
    "1.0.4": {
      "path": "/node_modules/grapheme-splitter",
      "cache": "/grapheme-splitter/1.0.4"
    }
  },
  "import-fresh": {
    "3.3.0": {
      "path": "/node_modules/import-fresh",
      "cache": "/import-fresh/3.3.0"
    }
  },
  "imurmurhash": {
    "0.1.4": {
      "path": "/node_modules/imurmurhash",
      "cache": "/imurmurhash/0.1.4"
    }
  },
  "js-yaml": {
    "4.1.0": {
      "path": "/node_modules/js-yaml",
      "cache": "/js-yaml/4.1.0"
    }
  },
  "json-stable-stringify-without-jsonify": {
    "1.0.1": {
      "path": "/node_modules/json-stable-stringify-without-jsonify",
      "cache": "/json-stable-stringify-without-jsonify/1.0.1"
    }
  },
  "levn": {
    "0.4.1": {
      "path": "/node_modules/levn",
      "cache": "/levn/0.4.1"
    }
  },
  "lodash.merge": {
    "4.6.2": {
      "path": "/node_modules/lodash.merge",
      "cache": "/lodash.merge/4.6.2"
    }
  },
  "natural-compare": {
    "1.4.0": {
      "path": "/node_modules/natural-compare",
      "cache": "/natural-compare/1.4.0"
    }
  },
  "optionator": {
    "0.9.1": {
      "path": "/node_modules/optionator",
      "cache": "/optionator/0.9.1"
    }
  },
  "regexpp": {
    "3.2.0": {
      "path": "/node_modules/regexpp",
      "cache": "/regexpp/3.2.0"
    }
  },
  "strip-ansi": {
    "6.0.1": {
      "path": "/node_modules/strip-ansi",
      "cache": "/strip-ansi/6.0.1"
    }
  },
  "strip-json-comments": {
    "3.1.1": {
      "path": "/node_modules/strip-json-comments",
      "cache": "/strip-json-comments/3.1.1"
    }
  },
  "text-table": {
    "0.2.0": {
      "path": "/node_modules/text-table",
      "cache": "/text-table/0.2.0"
    }
  },
  "@humanwhocodes/object-schema": {
    "1.2.1": {
      "path": "/node_modules/@humanwhocodes/object-schema",
      "cache": "/@humanwhocodes/object-schema/1.2.1"
    }
  },
  "fast-json-stable-stringify": {
    "2.1.0": {
      "path": "/node_modules/fast-json-stable-stringify",
      "cache": "/fast-json-stable-stringify/2.1.0"
    }
  },
  "ansi-styles": {
    "4.3.0": {
      "path": "/node_modules/ansi-styles",
      "cache": "/ansi-styles/4.3.0"
    }
  },
  "path-key": {
    "3.1.1": {
      "path": "/node_modules/path-key",
      "cache": "/path-key/3.1.1"
    }
  },
  "esrecurse": {
    "4.3.0": {
      "path": "/node_modules/esrecurse",
      "cache": "/esrecurse/4.3.0"
    }
  },
  "acorn": {
    "8.8.0": {
      "path": "/node_modules/acorn",
      "cache": "/acorn/8.8.0"
    }
  },
  "flat-cache": {
    "3.0.4": {
      "path": "/node_modules/flat-cache",
      "cache": "/flat-cache/3.0.4"
    }
  },
  "locate-path": {
    "6.0.0": {
      "path": "/node_modules/locate-path",
      "cache": "/locate-path/6.0.0"
    }
  },
  "type-fest": {
    "0.20.2": {
      "path": "/node_modules/type-fest",
      "cache": "/type-fest/0.20.2"
    }
  },
  "parent-module": {
    "1.0.1": {
      "path": "/node_modules/parent-module",
      "cache": "/parent-module/1.0.1"
    }
  },
  "type-check": {
    "0.4.0": {
      "path": "/node_modules/type-check",
      "cache": "/type-check/0.4.0"
    }
  },
  "prelude-ls": {
    "1.2.1": {
      "path": "/node_modules/prelude-ls",
      "cache": "/prelude-ls/1.2.1"
    }
  },
  "ansi-regex": {
    "5.0.1": {
      "path": "/node_modules/ansi-regex",
      "cache": "/ansi-regex/5.0.1"
    }
  },
  "color-convert": {
    "2.0.1": {
      "path": "/node_modules/color-convert",
      "cache": "/color-convert/2.0.1"
    }
  },
  "flatted": {
    "3.2.7": {
      "path": "/node_modules/flatted",
      "cache": "/flatted/3.2.7"
    }
  },
  "p-locate": {
    "5.0.0": {
      "path": "/node_modules/p-locate",
      "cache": "/p-locate/5.0.0"
    }
  },
  "callsites": {
    "3.1.0": {
      "path": "/node_modules/callsites",
      "cache": "/callsites/3.1.0"
    }
  },
  "json-schema-traverse": {
    "0.4.1": {
      "path": "/node_modules/json-schema-traverse",
      "cache": "/json-schema-traverse/0.4.1"
    }
  },
  "shebang-command": {
    "2.0.0": {
      "path": "/node_modules/shebang-command",
      "cache": "/shebang-command/2.0.0"
    }
  },
  "deep-is": {
    "0.1.4": {
      "path": "/node_modules/deep-is",
      "cache": "/deep-is/0.1.4"
    }
  },
  "color-name": {
    "1.1.4": {
      "path": "/node_modules/color-name",
      "cache": "/color-name/1.1.4"
    }
  },
  "p-limit": {
    "3.1.0": {
      "path": "/node_modules/p-limit",
      "cache": "/p-limit/3.1.0"
    }
  },
  "shebang-regex": {
    "3.0.0": {
      "path": "/node_modules/shebang-regex",
      "cache": "/shebang-regex/3.0.0"
    }
  },
  "rimraf": {
    "3.0.2": {
      "path": "/node_modules/rimraf",
      "cache": "/rimraf/3.0.2"
    }
  },
  "uri-js": {
    "4.4.1": {
      "path": "/node_modules/uri-js",
      "cache": "/uri-js/4.4.1"
    }
  },
  "yocto-queue": {
    "0.1.0": {
      "path": "/node_modules/yocto-queue",
      "cache": "/yocto-queue/0.1.0"
    }
  },
  "resolve-from": {
    "4.0.0": {
      "path": "/node_modules/resolve-from",
      "cache": "/resolve-from/4.0.0"
    }
  },
  "word-wrap": {
    "1.2.3": {
      "path": "/node_modules/word-wrap",
      "cache": "/word-wrap/1.2.3"
    }
  },
  "punycode": {
    "2.1.1": {
      "path": "/node_modules/punycode",
      "cache": "/punycode/2.1.1"
    }
  },
  "supports-color": {
    "7.2.0": {
      "path": "/node_modules/supports-color",
      "cache": "/supports-color/7.2.0"
    }
  },
  "which": {
    "2.0.2": {
      "path": "/node_modules/which",
      "cache": "/which/2.0.2"
    }
  },
  "fast-levenshtein": {
    "2.0.6": {
      "path": "/node_modules/fast-levenshtein",
      "cache": "/fast-levenshtein/2.0.6"
    }
  },
  "has-flag": {
    "4.0.0": {
      "path": "/node_modules/has-flag",
      "cache": "/has-flag/4.0.0"
    }
  },
  "path-exists": {
    "4.0.0": {
      "path": "/node_modules/path-exists",
      "cache": "/path-exists/4.0.0"
    }
  },
  "argparse": {
    "2.0.1": {
      "path": "/node_modules/argparse",
      "cache": "/argparse/2.0.1"
    }
  },
  "acorn-jsx": {
    "5.3.2": {
      "path": "/node_modules/acorn-jsx",
      "cache": "/acorn-jsx/5.3.2"
    }
  },
  "isexe": {
    "2.0.0": {
      "path": "/node_modules/isexe",
      "cache": "/isexe/2.0.0"
    }
  },
  "functional-red-black-tree": {
    "1.0.1": {
      "path": "/node_modules/functional-red-black-tree",
      "cache": "/functional-red-black-tree/1.0.1"
    }
  },
  "next": {
    "12.3.0": {
      "path": "/node_modules/next",
      "cache": "/next/12.3.0"
    }
  },
  "@swc/helpers": {
    "0.4.11": {
      "path": "/node_modules/@swc/helpers",
      "cache": "/@swc/helpers/0.4.11"
    }
  },
  "caniuse-lite": {
    "1.0.30001422": {
      "path": "/node_modules/caniuse-lite",
      "cache": "/caniuse-lite/1.0.30001422"
    }
  },
  "postcss": {
    "8.4.14": {
      "path": "/node_modules/postcss",
      "cache": "/postcss/8.4.14"
    }
  },
  "use-sync-external-store": {
    "1.2.0": {
      "path": "/node_modules/use-sync-external-store",
      "cache": "/use-sync-external-store/1.2.0"
    }
  },
  "nanoid": {
    "3.3.4": {
      "path": "/node_modules/nanoid",
      "cache": "/nanoid/3.3.4"
    }
  },
  "picocolors": {
    "1.0.0": {
      "path": "/node_modules/picocolors",
      "cache": "/picocolors/1.0.0"
    }
  },
  "source-map-js": {
    "1.0.2": {
      "path": "/node_modules/source-map-js",
      "cache": "/source-map-js/1.0.2"
    }
  },
  "@humanwhocodes/gitignore-to-minimatch": {
    "1.0.2": {
      "path": "/node_modules/@humanwhocodes/gitignore-to-minimatch",
      "cache": "/@humanwhocodes/gitignore-to-minimatch/1.0.2"
    }
  },
  "typescript": {
    "4.8.3": {
      "path": "/node_modules/typescript",
      "cache": "/typescript/4.8.3"
    }
  },
  "@next/eslint-plugin-next": {
    "12.3.0": {
      "path": "/node_modules/@next/eslint-plugin-next",
      "cache": "/@next/eslint-plugin-next/12.3.0"
    }
  },
  "styled-jsx": {
    "5.0.6": {
      "path": "/node_modules/styled-jsx",
      "cache": "/styled-jsx/5.0.6"
    }
  },
  "@next/env": {
    "12.3.0": {
      "path": "/node_modules/@next/env",
      "cache": "/@next/env/12.3.0"
    }
  },
  "@next/swc-android-arm-eabi": {
    "12.3.0": {
      "path": "/node_modules/@next/swc-android-arm-eabi",
      "cache": "/@next/swc-android-arm-eabi/12.3.0"
    }
  },
  "@next/swc-darwin-arm64": {
    "12.3.0": {
      "path": "/node_modules/@next/swc-darwin-arm64",
      "cache": "/@next/swc-darwin-arm64/12.3.0"
    }
  },
  "@next/swc-win32-ia32-msvc": {
    "12.3.0": {
      "path": "/node_modules/@next/swc-win32-ia32-msvc",
      "cache": "/@next/swc-win32-ia32-msvc/12.3.0"
    }
  },
  "@next/swc-linux-arm-gnueabihf": {
    "12.3.0": {
      "path": "/node_modules/@next/swc-linux-arm-gnueabihf",
      "cache": "/@next/swc-linux-arm-gnueabihf/12.3.0"
    }
  },
  "@next/swc-darwin-x64": {
    "12.3.0": {
      "path": "/node_modules/@next/swc-darwin-x64",
      "cache": "/@next/swc-darwin-x64/12.3.0"
    }
  },
  "@next/swc-win32-arm64-msvc": {
    "12.3.0": {
      "path": "/node_modules/@next/swc-win32-arm64-msvc",
      "cache": "/@next/swc-win32-arm64-msvc/12.3.0"
    }
  },
  "@next/swc-android-arm64": {
    "12.3.0": {
      "path": "/node_modules/@next/swc-android-arm64",
      "cache": "/@next/swc-android-arm64/12.3.0"
    }
  },
  "@next/swc-linux-x64-musl": {
    "12.3.0": {
      "path": "/node_modules/@next/swc-linux-x64-musl",
      "cache": "/@next/swc-linux-x64-musl/12.3.0"
    }
  },
  "@next/swc-linux-arm64-gnu": {
    "12.3.0": {
      "path": "/node_modules/@next/swc-linux-arm64-gnu",
      "cache": "/@next/swc-linux-arm64-gnu/12.3.0"
    }
  },
  "@next/swc-linux-arm64-musl": {
    "12.3.0": {
      "path": "/node_modules/@next/swc-linux-arm64-musl",
      "cache": "/@next/swc-linux-arm64-musl/12.3.0"
    }
  },
  "@next/swc-linux-x64-gnu": {
    "12.3.0": {
      "path": "/node_modules/@next/swc-linux-x64-gnu",
      "cache": "/@next/swc-linux-x64-gnu/12.3.0"
    }
  },
  "@next/swc-freebsd-x64": {
    "12.3.0": {
      "path": "/node_modules/@next/swc-freebsd-x64",
      "cache": "/@next/swc-freebsd-x64/12.3.0"
    }
  },
  "@next/swc-win32-x64-msvc": {
    "12.3.0": {
      "path": "/node_modules/@next/swc-win32-x64-msvc",
      "cache": "/@next/swc-win32-x64-msvc/12.3.0"
    }
  },
  "@types/scheduler": {
    "0.16.2": {
      "path": "/node_modules/@types/scheduler",
      "cache": "/@types/scheduler/0.16.2"
    }
  },
  "@types/prop-types": {
    "15.7.5": {
      "path": "/node_modules/@types/prop-types",
      "cache": "/@types/prop-types/15.7.5"
    }
  }
}